
Microsoft Visual Studio Solution File, Format Version 12.00
# Visual Studio Version 16
VisualStudioVersion = 16.0.31025.194
MinimumVisualStudioVersion = 10.0.40219.1
Project("{9A19103F-16F7-4668-BE54-9A1E7A4F7556}") = "FootballScoreboard.UnitTests", "FootballScoreboard.UnitTests\FootballScoreboard.UnitTests.csproj", "{40C19197-21D4-42D2-9D04-C545C5384D69}"
EndProject
Project("{FAE04EC0-301F-11D3-BF4B-00C04F79EFBC}") = "FootballScoreboard", "FootballScoreboard\FootballScoreboard.csproj", "{1B94E3D1-987B-4451-8DEF-D7153973F33C}"
EndProject
Global
	GlobalSection(SolutionConfigurationPlatforms) = preSolution
		Debug|Any CPU = Debug|Any CPU
		Release|Any CPU = Release|Any CPU
	EndGlobalSection
	GlobalSection(ProjectConfigurationPlatforms) = postSolution
		{40C19197-21D4-42D2-9D04-C545C5384D69}.Debug|Any CPU.ActiveCfg = Debug|Any CPU
		{40C19197-21D4-42D2-9D04-C545C5384D69}.Debug|Any CPU.Build.0 = Debug|Any CPU
		{40C19197-21D4-42D2-9D04-C545C5384D69}.Release|Any CPU.ActiveCfg = Release|Any CPU
		{40C19197-21D4-42D2-9D04-C545C5384D69}.Release|Any CPU.Build.0 = Release|Any CPU
		{1B94E3D1-987B-4451-8DEF-D7153973F33C}.Debug|Any CPU.ActiveCfg = Debug|Any CPU
		{1B94E3D1-987B-4451-8DEF-D7153973F33C}.Debug|Any CPU.Build.0 = Debug|Any CPU
		{1B94E3D1-987B-4451-8DEF-D7153973F33C}.Release|Any CPU.ActiveCfg = Release|Any CPU
		{1B94E3D1-987B-4451-8DEF-D7153973F33C}.Release|Any CPU.Build.0 = Release|Any CPU
	EndGlobalSection
	GlobalSection(SolutionProperties) = preSolution
		HideSolutionNode = FALSE
	EndGlobalSection
	GlobalSection(ExtensibilityGlobals) = postSolution
		SolutionGuid = {6462A4F4-08E6-40E0-9EAD-8DC3DEFB5743}
	EndGlobalSection
EndGlobal
